// !$*UTF8*$!
{
	archiveVersion = 1;
	classes = {
	};
	objectVersion = 50;
	objects = {

/* Begin PBXBuildFile section */
		2D3617C79586CEA32386EDE0 /* Pods_DeeplinkExampleWithFireBase.framework in Frameworks */ = {isa = PBXBuildFile; fileRef = A0330A3A6DD104DC92E8C181 /* Pods_DeeplinkExampleWithFireBase.framework */; };
		BD48D43720BD581F00D0FE13 /* AppDelegate.swift in Sources */ = {isa = PBXBuildFile; fileRef = BD48D43620BD581F00D0FE13 /* AppDelegate.swift */; };
		BD48D43920BD581F00D0FE13 /* ViewController.swift in Sources */ = {isa = PBXBuildFile; fileRef = BD48D43820BD581F00D0FE13 /* ViewController.swift */; };
		BD48D43C20BD581F00D0FE13 /* Main.storyboard in Resources */ = {isa = PBXBuildFile; fileRef = BD48D43A20BD581F00D0FE13 /* Main.storyboard */; };
		BD48D43E20BD582000D0FE13 /* Assets.xcassets in Resources */ = {isa = PBXBuildFile; fileRef = BD48D43D20BD582000D0FE13 /* Assets.xcassets */; };
		BD48D44120BD582000D0FE13 /* LaunchScreen.storyboard in Resources */ = {isa = PBXBuildFile; fileRef = BD48D43F20BD582000D0FE13 /* LaunchScreen.storyboard */; };
		BD48D44A20BD5BF900D0FE13 /* GoogleService-Info.plist in Resources */ = {isa = PBXBuildFile; fileRef = BD48D44920BD5BF900D0FE13 /* GoogleService-Info.plist */; };
/* End PBXBuildFile section */

/* Begin PBXFileReference section */
		7CC426724B4A658C476EF8C8 /* Pods-DeeplinkExampleWithFireBase.release.xcconfig */ = {isa = PBXFileReference; includeInIndex = 1; lastKnownFileType = text.xcconfig; name = "Pods-DeeplinkExampleWithFireBase.release.xcconfig"; path = "Pods/Target Support Files/Pods-DeeplinkExampleWithFireBase/Pods-DeeplinkExampleWithFireBase.release.xcconfig"; sourceTree = "<group>"; };
		8498941F590366E03DBA78E1 /* Pods-DeeplinkExampleWithFireBase.debug.xcconfig */ = {isa = PBXFileReference; includeInIndex = 1; lastKnownFileType = text.xcconfig; name = "Pods-DeeplinkExampleWithFireBase.debug.xcconfig"; path = "Pods/Target Support Files/Pods-DeeplinkExampleWithFireBase/Pods-DeeplinkExampleWithFireBase.debug.xcconfig"; sourceTree = "<group>"; };
		A0330A3A6DD104DC92E8C181 /* Pods_DeeplinkExampleWithFireBase.framework */ = {isa = PBXFileReference; explicitFileType = wrapper.framework; includeInIndex = 0; path = Pods_DeeplinkExampleWithFireBase.framework; sourceTree = BUILT_PRODUCTS_DIR; };
		BD48D43320BD581F00D0FE13 /* DeeplinkExampleWithFireBase.app */ = {isa = PBXFileReference; explicitFileType = wrapper.application; includeInIndex = 0; path = DeeplinkExampleWithFireBase.app; sourceTree = BUILT_PRODUCTS_DIR; };
		BD48D43620BD581F00D0FE13 /* AppDelegate.swift */ = {isa = PBXFileReference; lastKnownFileType = sourcecode.swift; path = AppDelegate.swift; sourceTree = "<group>"; };
		BD48D43820BD581F00D0FE13 /* ViewController.swift */ = {isa = PBXFileReference; lastKnownFileType = sourcecode.swift; path = ViewController.swift; sourceTree = "<group>"; };
		BD48D43B20BD581F00D0FE13 /* Base */ = {isa = PBXFileReference; lastKnownFileType = file.storyboard; name = Base; path = Base.lproj/Main.storyboard; sourceTree = "<group>"; };
		BD48D43D20BD582000D0FE13 /* Assets.xcassets */ = {isa = PBXFileReference; lastKnownFileType = folder.assetcatalog; path = Assets.xcassets; sourceTree = "<group>"; };
		BD48D44020BD582000D0FE13 /* Base */ = {isa = PBXFileReference; lastKnownFileType = file.storyboard; name = Base; path = Base.lproj/LaunchScreen.storyboard; sourceTree = "<group>"; };
		BD48D44220BD582000D0FE13 /* Info.plist */ = {isa = PBXFileReference; lastKnownFileType = text.plist.xml; path = Info.plist; sourceTree = "<group>"; };
		BD48D44820BD58CE00D0FE13 /* DeeplinkExampleWithFireBase.entitlements */ = {isa = PBXFileReference; lastKnownFileType = text.plist.entitlements; path = DeeplinkExampleWithFireBase.entitlements; sourceTree = "<group>"; };
		BD48D44920BD5BF900D0FE13 /* GoogleService-Info.plist */ = {isa = PBXFileReference; fileEncoding = 4; lastKnownFileType = text.plist.xml; path = "GoogleService-Info.plist"; sourceTree = "<group>"; };
/* End PBXFileReference section */

/* Begin PBXFrameworksBuildPhase section */
		BD48D43020BD581F00D0FE13 /* Frameworks */ = {
			isa = PBXFrameworksBuildPhase;
			buildActionMask = 2147483647;
			files = (
				2D3617C79586CEA32386EDE0 /* Pods_DeeplinkExampleWithFireBase.framework in Frameworks */,
			);
			runOnlyForDeploymentPostprocessing = 0;
		};
/* End PBXFrameworksBuildPhase section */

/* Begin PBXGroup section */
		433F8CFE7B78D3F032A2D882 /* Frameworks */ = {
			isa = PBXGroup;
			children = (
				A0330A3A6DD104DC92E8C181 /* Pods_DeeplinkExampleWithFireBase.framework */,
			);
			name = Frameworks;
			sourceTree = "<group>";
		};
		6F24779E4CD8153177AEFDB4 /* Pods */ = {
			isa = PBXGroup;
			children = (
				8498941F590366E03DBA78E1 /* Pods-DeeplinkExampleWithFireBase.debug.xcconfig */,
				7CC426724B4A658C476EF8C8 /* Pods-DeeplinkExampleWithFireBase.release.xcconfig */,
			);
			name = Pods;
			sourceTree = "<group>";
		};
		BD48D42A20BD581F00D0FE13 = {
			isa = PBXGroup;
			children = (
				BD48D43520BD581F00D0FE13 /* DeeplinkExampleWithFireBase */,
				BD48D43420BD581F00D0FE13 /* Products */,
				6F24779E4CD8153177AEFDB4 /* Pods */,
				433F8CFE7B78D3F032A2D882 /* Frameworks */,
			);
			sourceTree = "<group>";
		};
		BD48D43420BD581F00D0FE13 /* Products */ = {
			isa = PBXGroup;
			children = (
				BD48D43320BD581F00D0FE13 /* DeeplinkExampleWithFireBase.app */,
			);
			name = Products;
			sourceTree = "<group>";
		};
		BD48D43520BD581F00D0FE13 /* DeeplinkExampleWithFireBase */ = {
			isa = PBXGroup;
			children = (
				BD48D44820BD58CE00D0FE13 /* DeeplinkExampleWithFireBase.entitlements */,
				BD48D44920BD5BF900D0FE13 /* GoogleService-Info.plist */,
				BD48D43620BD581F00D0FE13 /* AppDelegate.swift */,
				BD48D43820BD581F00D0FE13 /* ViewController.swift */,
				BD48D43A20BD581F00D0FE13 /* Main.storyboard */,
				BD48D43D20BD582000D0FE13 /* Assets.xcassets */,
				BD48D43F20BD582000D0FE13 /* LaunchScreen.storyboard */,
				BD48D44220BD582000D0FE13 /* Info.plist */,
			);
			path = DeeplinkExampleWithFireBase;
			sourceTree = "<group>";
		};
/* End PBXGroup section */

/* Begin PBXNativeTarget section */
		BD48D43220BD581F00D0FE13 /* DeeplinkExampleWithFireBase */ = {
			isa = PBXNativeTarget;
			buildConfigurationList = BD48D44520BD582000D0FE13 /* Build configuration list for PBXNativeTarget "DeeplinkExampleWithFireBase" */;
			buildPhases = (
				A604E317AAABD1CBFD336F46 /* [CP] Check Pods Manifest.lock */,
				BD48D42F20BD581F00D0FE13 /* Sources */,
				BD48D43020BD581F00D0FE13 /* Frameworks */,
				BD48D43120BD581F00D0FE13 /* Resources */,
				23843873485BE5EE7074534F /* [CP] Embed Pods Frameworks */,
			);
			buildRules = (
			);
			dependencies = (
			);
			name = DeeplinkExampleWithFireBase;
			productName = DeeplinkExampleWithFireBase;
			productReference = BD48D43320BD581F00D0FE13 /* DeeplinkExampleWithFireBase.app */;
			productType = "com.apple.product-type.application";
		};
/* End PBXNativeTarget section */

/* Begin PBXProject section */
		BD48D42B20BD581F00D0FE13 /* Project object */ = {
			isa = PBXProject;
			attributes = {
				LastSwiftUpdateCheck = 0930;
				LastUpgradeCheck = 0930;
				ORGANIZATIONNAME = "varun daga";
				TargetAttributes = {
					BD48D43220BD581F00D0FE13 = {
						CreatedOnToolsVersion = 9.3.1;
						SystemCapabilities = {
							com.apple.SafariKeychain = {
								enabled = 1;
							};
						};
					};
				};
			};
			buildConfigurationList = BD48D42E20BD581F00D0FE13 /* Build configuration list for PBXProject "DeeplinkExampleWithFireBase" */;
			compatibilityVersion = "Xcode 9.3";
			developmentRegion = en;
			hasScannedForEncodings = 0;
			knownRegions = (
				en,
				Base,
			);
			mainGroup = BD48D42A20BD581F00D0FE13;
			productRefGroup = BD48D43420BD581F00D0FE13 /* Products */;
			projectDirPath = "";
			projectRoot = "";
			targets = (
				BD48D43220BD581F00D0FE13 /* DeeplinkExampleWithFireBase */,
			);
		};
/* End PBXProject section */

/* Begin PBXResourcesBuildPhase section */
		BD48D43120BD581F00D0FE13 /* Resources */ = {
			isa = PBXResourcesBuildPhase;
			buildActionMask = 2147483647;
			files = (
				BD48D44120BD582000D0FE13 /* LaunchScreen.storyboard in Resources */,
				BD48D44A20BD5BF900D0FE13 /* GoogleService-Info.plist in Resources */,
				BD48D43E20BD582000D0FE13 /* Assets.xcassets in Resources */,
				BD48D43C20BD581F00D0FE13 /* Main.storyboard in Resources */,
			);
			runOnlyForDeploymentPostprocessing = 0;
		};
/* End PBXResourcesBuildPhase section */

/* Begin PBXShellScriptBuildPhase section */
		23843873485BE5EE7074534F /* [CP] Embed Pods Frameworks */ = {
			isa = PBXShellScriptBuildPhase;
			buildActionMask = 2147483647;
			files = (
			);
			inputPaths = (
				"${SRCROOT}/Pods/Target Support Files/Pods-DeeplinkExampleWithFireBase/Pods-DeeplinkExampleWithFireBase-frameworks.sh",
				"${BUILT_PRODUCTS_DIR}/GoogleToolboxForMac/GoogleToolboxForMac.framework",
				"${BUILT_PRODUCTS_DIR}/nanopb/nanopb.framework",
			);
			name = "[CP] Embed Pods Frameworks";
			outputPaths = (
				"${TARGET_BUILD_DIR}/${FRAMEWORKS_FOLDER_PATH}/GoogleToolboxForMac.framework",
				"${TARGET_BUILD_DIR}/${FRAMEWORKS_FOLDER_PATH}/nanopb.framework",
			);
			runOnlyForDeploymentPostprocessing = 0;
			shellPath = /bin/sh;
			shellScript = "\"${SRCROOT}/Pods/Target Support Files/Pods-DeeplinkExampleWithFireBase/Pods-DeeplinkExampleWithFireBase-frameworks.sh\"\n";
			showEnvVarsInLog = 0;
		};
		A604E317AAABD1CBFD336F46 /* [CP] Check Pods Manifest.lock */ = {
			isa = PBXShellScriptBuildPhase;
			buildActionMask = 2147483647;
			files = (
			);
			inputPaths = (
				"${PODS_PODFILE_DIR_PATH}/Podfile.lock",
				"${PODS_ROOT}/Manifest.lock",
			);
			name = "[CP] Check Pods Manifest.lock";
			outputPaths = (
				"$(DERIVED_FILE_DIR)/Pods-DeeplinkExampleWithFireBase-checkManifestLockResult.txt",
			);
			runOnlyForDeploymentPostprocessing = 0;
			shellPath = /bin/sh;
			shellScript = "diff \"${PODS_PODFILE_DIR_PATH}/Podfile.lock\" \"${PODS_ROOT}/Manifest.lock\" > /dev/null\nif [ $? != 0 ] ; then\n    # print error to STDERR\n    echo \"error: The sandbox is not in sync with the Podfile.lock. Run 'pod install' or update your CocoaPods installation.\" >&2\n    exit 1\nfi\n# This output is used by Xcode 'outputs' to avoid re-running this script phase.\necho \"SUCCESS\" > \"${SCRIPT_OUTPUT_FILE_0}\"\n";
			showEnvVarsInLog = 0;
		};
/* End PBXShellScriptBuildPhase section */

/* Begin PBXSourcesBuildPhase section */
		BD48D42F20BD581F00D0FE13 /* Sources */ = {
			isa = PBXSourcesBuildPhase;
			buildActionMask = 2147483647;
			files = (
				BD48D43920BD581F00D0FE13 /* ViewController.swift in Sources */,
				BD48D43720BD581F00D0FE13 /* AppDelegate.swift in Sources */,
			);
			runOnlyForDeploymentPostprocessing = 0;
		};
/* End PBXSourcesBuildPhase section */

/* Begin PBXVariantGroup section */
		BD48D43A20BD581F00D0FE13 /* Main.storyboard */ = {
			isa = PBXVariantGroup;
			children = (
				BD48D43B20BD581F00D0FE13 /* Base */,
			);
			name = Main.storyboard;
			sourceTree = "<group>";
		};
		BD48D43F20BD582000D0FE13 /* LaunchScreen.storyboard */ = {
			isa = PBXVariantGroup;
			children = (
				BD48D44020BD582000D0FE13 /* Base */,
			);
			name = LaunchScreen.storyboard;
			sourceTree = "<group>";
		};
/* End PBXVariantGroup section */

/* Begin XCBuildConfiguration section */
		BD48D44320BD582000D0FE13 /* Debug */ = {
			isa = XCBuildConfiguration;
			buildSettings = {
				ALWAYS_SEARCH_USER_PATHS = NO;
				CLANG_ANALYZER_NONNULL = YES;
				CLANG_ANALYZER_NUMBER_OBJECT_CONVERSION = YES_AGGRESSIVE;
				CLANG_CXX_LANGUAGE_STANDARD = "gnu++14";
				CLANG_CXX_LIBRARY = "libc++";
				CLANG_ENABLE_MODULES = YES;
				CLANG_ENABLE_OBJC_ARC = YES;
				CLANG_ENABLE_OBJC_WEAK = YES;
				CLANG_WARN_BLOCK_CAPTURE_AUTORELEASING = YES;
				CLANG_WARN_BOOL_CONVERSION = YES;
				CLANG_WARN_COMMA = YES;
				CLANG_WARN_CONSTANT_CONVERSION = YES;
				CLANG_WARN_DEPRECATED_OBJC_IMPLEMENTATIONS = YES;
				CLANG_WARN_DIRECT_OBJC_ISA_USAGE = YES_ERROR;
				CLANG_WARN_DOCUMENTATION_COMMENTS = YES;
				CLANG_WARN_EMPTY_BODY = YES;
				CLANG_WARN_ENUM_CONVERSION = YES;
				CLANG_WARN_INFINITE_RECURSION = YES;
				CLANG_WARN_INT_CONVERSION = YES;
				CLANG_WARN_NON_LITERAL_NULL_CONVERSION = YES;
				CLANG_WARN_OBJC_IMPLICIT_RETAIN_SELF = YES;
				CLANG_WARN_OBJC_LITERAL_CONVERSION = YES;
				CLANG_WARN_OBJC_ROOT_CLASS = YES_ERROR;
				CLANG_WARN_RANGE_LOOP_ANALYSIS = YES;
				CLANG_WARN_STRICT_PROTOTYPES = YES;
				CLANG_WARN_SUSPICIOUS_MOVE = YES;
				CLANG_WARN_UNGUARDED_AVAILABILITY = YES_AGGRESSIVE;
				CLANG_WARN_UNREACHABLE_CODE = YES;
				CLANG_WARN__DUPLICATE_METHOD_MATCH = YES;
				CODE_SIGN_IDENTITY = "iPhone Developer";
				COPY_PHASE_STRIP = NO;
				DEBUG_INFORMATION_FORMAT = dwarf;
				ENABLE_STRICT_OBJC_MSGSEND = YES;
				ENABLE_TESTABILITY = YES;
				GCC_C_LANGUAGE_STANDARD = gnu11;
				GCC_DYNAMIC_NO_PIC = NO;
				GCC_NO_COMMON_BLOCKS = YES;
				GCC_OPTIMIZATION_LEVEL = 0;
				GCC_PREPROCESSOR_DEFINITIONS = (
					"DEBUG=1",
					"$(inherited)",
				);
				GCC_WARN_64_TO_32_BIT_CONVERSION = YES;
				GCC_WARN_ABOUT_RETURN_TYPE = YES_ERROR;
				GCC_WARN_UNDECLARED_SELECTOR = YES;
				GCC_WARN_UNINITIALIZED_AUTOS = YES_AGGRESSIVE;
				GCC_WARN_UNUSED_FUNCTION = YES;
				GCC_WARN_UNUSED_VARIABLE = YES;
				IPHONEOS_DEPLOYMENT_TARGET = 11.3;
				MTL_ENABLE_DEBUG_INFO = YES;
				ONLY_ACTIVE_ARCH = YES;
				SDKROOT = iphoneos;
				SWIFT_ACTIVE_COMPILATION_CONDITIONS = DEBUG;
				SWIFT_OPTIMIZATION_LEVEL = "-Onone";
			};
			name = Debug;
		};
		BD48D44420BD582000D0FE13 /* Release */ = {
			isa = XCBuildConfiguration;
			buildSettings = {
				ALWAYS_SEARCH_USER_PATHS = NO;
				CLANG_ANALYZER_NONNULL = YES;
				CLANG_ANALYZER_NUMBER_OBJECT_CONVERSION = YES_AGGRESSIVE;
				CLANG_CXX_LANGUAGE_STANDARD = "gnu++14";
				CLANG_CXX_LIBRARY = "libc++";
				CLANG_ENABLE_MODULES = YES;
				CLANG_ENABLE_OBJC_ARC = YES;
				CLANG_ENABLE_OBJC_WEAK = YES;
				CLANG_WARN_BLOCK_CAPTURE_AUTORELEASING = YES;
				CLANG_WARN_BOOL_CONVERSION = YES;
				CLANG_WARN_COMMA = YES;
				CLANG_WARN_CONSTANT_CONVERSION = YES;
				CLANG_WARN_DEPRECATED_OBJC_IMPLEMENTATIONS = YES;
				CLANG_WARN_DIRECT_OBJC_ISA_USAGE = YES_ERROR;
				CLANG_WARN_DOCUMENTATION_COMMENTS = YES;
				CLANG_WARN_EMPTY_BODY = YES;
				CLANG_WARN_ENUM_CONVERSION = YES;
				CLANG_WARN_INFINITE_RECURSION = YES;
				CLANG_WARN_INT_CONVERSION = YES;
				CLANG_WARN_NON_LITERAL_NULL_CONVERSION = YES;
				CLANG_WARN_OBJC_IMPLICIT_RETAIN_SELF = YES;
				CLANG_WARN_OBJC_LITERAL_CONVERSION = YES;
				CLANG_WARN_OBJC_ROOT_CLASS = YES_ERROR;
				CLANG_WARN_RANGE_LOOP_ANALYSIS = YES;
				CLANG_WARN_STRICT_PROTOTYPES = YES;
				CLANG_WARN_SUSPICIOUS_MOVE = YES;
				CLANG_WARN_UNGUARDED_AVAILABILITY = YES_AGGRESSIVE;
				CLANG_WARN_UNREACHABLE_CODE = YES;
				CLANG_WARN__DUPLICATE_METHOD_MATCH = YES;
				CODE_SIGN_IDENTITY = "iPhone Developer";
				COPY_PHASE_STRIP = NO;
				DEBUG_INFORMATION_FORMAT = "dwarf-with-dsym";
				ENABLE_NS_ASSERTIONS = NO;
				ENABLE_STRICT_OBJC_MSGSEND = YES;
				GCC_C_LANGUAGE_STANDARD = gnu11;
				GCC_NO_COMMON_BLOCKS = YES;
				GCC_WARN_64_TO_32_BIT_CONVERSION = YES;
				GCC_WARN_ABOUT_RETURN_TYPE = YES_ERROR;
				GCC_WARN_UNDECLARED_SELECTOR = YES;
				GCC_WARN_UNINITIALIZED_AUTOS = YES_AGGRESSIVE;
				GCC_WARN_UNUSED_FUNCTION = YES;
				GCC_WARN_UNUSED_VARIABLE = YES;
				IPHONEOS_DEPLOYMENT_TARGET = 11.3;
				MTL_ENABLE_DEBUG_INFO = NO;
				SDKROOT = iphoneos;
				SWIFT_COMPILATION_MODE = wholemodule;
				SWIFT_OPTIMIZATION_LEVEL = "-O";
				VALIDATE_PRODUCT = YES;
			};
			name = Release;
		};
		BD48D44620BD582000D0FE13 /* Debug */ = {
			isa = XCBuildConfiguration;
			baseConfigurationReference = 8498941F590366E03DBA78E1 /* Pods-DeeplinkExampleWithFireBase.debug.xcconfig */;
			buildSettings = {
				ASSETCATALOG_COMPILER_APPICON_NAME = AppIcon;
				CODE_SIGN_ENTITLEMENTS = DeeplinkExampleWithFireBase/DeeplinkExampleWithFireBase.entitlements;
				CODE_SIGN_STYLE = Manual;
				DEVELOPMENT_TEAM = "";
				INFOPLIST_FILE = DeeplinkExampleWithFireBase/Info.plist;
				LD_RUNPATH_SEARCH_PATHS = (
					"$(inherited)",
					"@executable_path/Frameworks",
				);
				PRODUCT_NAME = "$(TARGET_NAME)";
				PROVISIONING_PROFILE_SPECIFIER = "";
				SWIFT_VERSION = 4.0;
				TARGETED_DEVICE_FAMILY = "1,2";
			};
			name = Debug;
		};
		BD48D44720BD582000D0FE13 /* Release */ = {
			isa = XCBuildConfiguration;
			baseConfigurationReference = 7CC426724B4A658C476EF8C8 /* Pods-DeeplinkExampleWithFireBase.release.xcconfig */;
			buildSettings = {
				ASSETCATALOG_COMPILER_APPICON_NAME = AppIcon;
				CODE_SIGN_ENTITLEMENTS = DeeplinkExampleWithFireBase/DeeplinkExampleWithFireBase.entitlements;
				CODE_SIGN_STYLE = Manual;
				DEVELOPMENT_TEAM = "";
				INFOPLIST_FILE = DeeplinkExampleWithFireBase/Info.plist;
				LD_RUNPATH_SEARCH_PATHS = (
					"$(inherited)",
					"@executable_path/Frameworks",
				);
				PRODUCT_NAME = "$(TARGET_NAME)";
				PROVISIONING_PROFILE_SPECIFIER = "";
				SWIFT_VERSION = 4.0;
				TARGETED_DEVICE_FAMILY = "1,2";
			};
			name = Release;
		};
/* End XCBuildConfiguration section */

/* Begin XCConfigurationList section */
		BD48D42E20BD581F00D0FE13 /* Build configuration list for PBXProject "DeeplinkExampleWithFireBase" */ = {
			isa = XCConfigurationList;
			buildConfigurations = (
				BD48D44320BD582000D0FE13 /* Debug */,
				BD48D44420BD582000D0FE13 /* Release */,
			);
			defaultConfigurationIsVisible = 0;
			defaultConfigurationName = Release;
		};
		BD48D44520BD582000D0FE13 /* Build configuration list for PBXNativeTarget "DeeplinkExampleWithFireBase" */ = {
			isa = XCConfigurationList;
			buildConfigurations = (
				BD48D44620BD582000D0FE13 /* Debug */,
				BD48D44720BD582000D0FE13 /* Release */,
			);
			defaultConfigurationIsVisible = 0;
			defaultConfigurationName = Release;
		};
/* End XCConfigurationList section */
	};
	rootObject = BD48D42B20BD581F00D0FE13 /* Project object */;
}
